// !$*UTF8*$!
{
	archiveVersion = 1;
	classes = {
	};
	objectVersion = 55;
	objects = {

/* Begin PBXBuildFile section */
		3F2FC3EA27D4D41300E32FAA /* RecipeDetailView.swift in Sources */ = {isa = PBXBuildFile; fileRef = 3F2FC3E927D4D41300E32FAA /* RecipeDetailView.swift */; };
		3FF4F8CB27D62A020013A257 /* RecipeTabView.swift in Sources */ = {isa = PBXBuildFile; fileRef = 3FF4F8CA27D62A020013A257 /* RecipeTabView.swift */; };
		3FF4F8E727D6508C0013A257 /* RecipeFeaturedView.swift in Sources */ = {isa = PBXBuildFile; fileRef = 3FF4F8E627D6508C0013A257 /* RecipeFeaturedView.swift */; };
		3FFF507927D38E170026C46A /* RecipeApp.swift in Sources */ = {isa = PBXBuildFile; fileRef = 3FFF507827D38E170026C46A /* RecipeApp.swift */; };
		3FFF507B27D38E170026C46A /* RecipeListView.swift in Sources */ = {isa = PBXBuildFile; fileRef = 3FFF507A27D38E170026C46A /* RecipeListView.swift */; };
		3FFF507D27D38E180026C46A /* Assets.xcassets in Resources */ = {isa = PBXBuildFile; fileRef = 3FFF507C27D38E180026C46A /* Assets.xcassets */; };
		3FFF508027D38E180026C46A /* Preview Assets.xcassets in Resources */ = {isa = PBXBuildFile; fileRef = 3FFF507F27D38E180026C46A /* Preview Assets.xcassets */; };
		3FFF508C27D38FC40026C46A /* recipes.json in Resources */ = {isa = PBXBuildFile; fileRef = 3FFF508B27D38FC40026C46A /* recipes.json */; };
		3FFF508E27D390090026C46A /* Recipe.swift in Sources */ = {isa = PBXBuildFile; fileRef = 3FFF508D27D390090026C46A /* Recipe.swift */; };
		3FFF509027D3916E0026C46A /* RecipeModel.swift in Sources */ = {isa = PBXBuildFile; fileRef = 3FFF508F27D3916E0026C46A /* RecipeModel.swift */; };
		3FFF509227D392B10026C46A /* DataService.swift in Sources */ = {isa = PBXBuildFile; fileRef = 3FFF509127D392B10026C46A /* DataService.swift */; };
/* End PBXBuildFile section */

/* Begin PBXFileReference section */
		3F2FC3E927D4D41300E32FAA /* RecipeDetailView.swift */ = {isa = PBXFileReference; lastKnownFileType = sourcecode.swift; path = RecipeDetailView.swift; sourceTree = "<group>"; };
		3FF4F8CA27D62A020013A257 /* RecipeTabView.swift */ = {isa = PBXFileReference; lastKnownFileType = sourcecode.swift; path = RecipeTabView.swift; sourceTree = "<group>"; };
		3FF4F8E627D6508C0013A257 /* RecipeFeaturedView.swift */ = {isa = PBXFileReference; lastKnownFileType = sourcecode.swift; path = RecipeFeaturedView.swift; sourceTree = "<group>"; };
		3FFF507527D38E170026C46A /* RecipeApp.app */ = {isa = PBXFileReference; explicitFileType = wrapper.application; includeInIndex = 0; path = RecipeApp.app; sourceTree = BUILT_PRODUCTS_DIR; };
		3FFF507827D38E170026C46A /* RecipeApp.swift */ = {isa = PBXFileReference; lastKnownFileType = sourcecode.swift; path = RecipeApp.swift; sourceTree = "<group>"; };
		3FFF507A27D38E170026C46A /* RecipeListView.swift */ = {isa = PBXFileReference; lastKnownFileType = sourcecode.swift; path = RecipeListView.swift; sourceTree = "<group>"; };
		3FFF507C27D38E180026C46A /* Assets.xcassets */ = {isa = PBXFileReference; lastKnownFileType = folder.assetcatalog; path = Assets.xcassets; sourceTree = "<group>"; };
		3FFF507F27D38E180026C46A /* Preview Assets.xcassets */ = {isa = PBXFileReference; lastKnownFileType = folder.assetcatalog; path = "Preview Assets.xcassets"; sourceTree = "<group>"; };
		3FFF508B27D38FC40026C46A /* recipes.json */ = {isa = PBXFileReference; fileEncoding = 4; lastKnownFileType = text.json; path = recipes.json; sourceTree = "<group>"; };
		3FFF508D27D390090026C46A /* Recipe.swift */ = {isa = PBXFileReference; lastKnownFileType = sourcecode.swift; path = Recipe.swift; sourceTree = "<group>"; };
		3FFF508F27D3916E0026C46A /* RecipeModel.swift */ = {isa = PBXFileReference; lastKnownFileType = sourcecode.swift; path = RecipeModel.swift; sourceTree = "<group>"; };
		3FFF509127D392B10026C46A /* DataService.swift */ = {isa = PBXFileReference; lastKnownFileType = sourcecode.swift; path = DataService.swift; sourceTree = "<group>"; };
/* End PBXFileReference section */

/* Begin PBXFrameworksBuildPhase section */
		3FFF507227D38E170026C46A /* Frameworks */ = {
			isa = PBXFrameworksBuildPhase;
			buildActionMask = 2147483647;
			files = (
			);
			runOnlyForDeploymentPostprocessing = 0;
		};
/* End PBXFrameworksBuildPhase section */

/* Begin PBXGroup section */
		3FFF506C27D38E170026C46A = {
			isa = PBXGroup;
			children = (
				3FFF507727D38E170026C46A /* RecipeApp */,
				3FFF507627D38E170026C46A /* Products */,
			);
			sourceTree = "<group>";
		};
		3FFF507627D38E170026C46A /* Products */ = {
			isa = PBXGroup;
			children = (
				3FFF507527D38E170026C46A /* RecipeApp.app */,
			);
			name = Products;
			sourceTree = "<group>";
		};
		3FFF507727D38E170026C46A /* RecipeApp */ = {
			isa = PBXGroup;
			children = (
				3FFF507827D38E170026C46A /* RecipeApp.swift */,
				3FFF508827D38E760026C46A /* ViewModels */,
				3FFF508727D38E720026C46A /* Models */,
				3FFF508627D38E6A0026C46A /* Views */,
				3FFF508927D38E7D0026C46A /* Data */,
				3FFF508A27D38E820026C46A /* Services */,
				3FFF507C27D38E180026C46A /* Assets.xcassets */,
				3FFF507E27D38E180026C46A /* Preview Content */,
			);
			path = RecipeApp;
			sourceTree = "<group>";
		};
		3FFF507E27D38E180026C46A /* Preview Content */ = {
			isa = PBXGroup;
			children = (
				3FFF507F27D38E180026C46A /* Preview Assets.xcassets */,
			);
			path = "Preview Content";
			sourceTree = "<group>";
		};
		3FFF508627D38E6A0026C46A /* Views */ = {
			isa = PBXGroup;
			children = (
				3FF4F8CA27D62A020013A257 /* RecipeTabView.swift */,
				3FFF507A27D38E170026C46A /* RecipeListView.swift */,
				3FF4F8E627D6508C0013A257 /* RecipeFeaturedView.swift */,
				3F2FC3E927D4D41300E32FAA /* RecipeDetailView.swift */,
			);
			path = Views;
			sourceTree = "<group>";
		};
		3FFF508727D38E720026C46A /* Models */ = {
			isa = PBXGroup;
			children = (
				3FFF508D27D390090026C46A /* Recipe.swift */,
			);
			path = Models;
			sourceTree = "<group>";
		};
		3FFF508827D38E760026C46A /* ViewModels */ = {
			isa = PBXGroup;
			children = (
				3FFF508F27D3916E0026C46A /* RecipeModel.swift */,
			);
			path = ViewModels;
			sourceTree = "<group>";
		};
		3FFF508927D38E7D0026C46A /* Data */ = {
			isa = PBXGroup;
			children = (
				3FFF508B27D38FC40026C46A /* recipes.json */,
			);
			path = Data;
			sourceTree = "<group>";
		};
		3FFF508A27D38E820026C46A /* Services */ = {
			isa = PBXGroup;
			children = (
				3FFF509127D392B10026C46A /* DataService.swift */,
			);
			path = Services;
			sourceTree = "<group>";
		};
/* End PBXGroup section */

/* Begin PBXNativeTarget section */
		3FFF507427D38E170026C46A /* RecipeApp */ = {
			isa = PBXNativeTarget;
			buildConfigurationList = 3FFF508327D38E180026C46A /* Build configuration list for PBXNativeTarget "RecipeApp" */;
			buildPhases = (
				3FFF507127D38E170026C46A /* Sources */,
				3FFF507227D38E170026C46A /* Frameworks */,
				3FFF507327D38E170026C46A /* Resources */,
			);
			buildRules = (
			);
			dependencies = (
			);
			name = RecipeApp;
			productName = RecipeApp;
			productReference = 3FFF507527D38E170026C46A /* RecipeApp.app */;
			productType = "com.apple.product-type.application";
		};
/* End PBXNativeTarget section */

/* Begin PBXProject section */
		3FFF506D27D38E170026C46A /* Project object */ = {
			isa = PBXProject;
			attributes = {
				BuildIndependentTargetsInParallel = 1;
				LastSwiftUpdateCheck = 1320;
				LastUpgradeCheck = 1320;
				TargetAttributes = {
					3FFF507427D38E170026C46A = {
						CreatedOnToolsVersion = 13.2.1;
					};
				};
			};
			buildConfigurationList = 3FFF507027D38E170026C46A /* Build configuration list for PBXProject "RecipeApp" */;
			compatibilityVersion = "Xcode 13.0";
			developmentRegion = en;
			hasScannedForEncodings = 0;
			knownRegions = (
				en,
				Base,
			);
			mainGroup = 3FFF506C27D38E170026C46A;
			productRefGroup = 3FFF507627D38E170026C46A /* Products */;
			projectDirPath = "";
			projectRoot = "";
			targets = (
				3FFF507427D38E170026C46A /* RecipeApp */,
			);
		};
/* End PBXProject section */

/* Begin PBXResourcesBuildPhase section */
		3FFF507327D38E170026C46A /* Resources */ = {
			isa = PBXResourcesBuildPhase;
			buildActionMask = 2147483647;
			files = (
				3FFF508027D38E180026C46A /* Preview Assets.xcassets in Resources */,
				3FFF508C27D38FC40026C46A /* recipes.json in Resources */,
				3FFF507D27D38E180026C46A /* Assets.xcassets in Resources */,
			);
			runOnlyForDeploymentPostprocessing = 0;
		};
/* End PBXResourcesBuildPhase section */

/* Begin PBXSourcesBuildPhase section */
		3FFF507127D38E170026C46A /* Sources */ = {
			isa = PBXSourcesBuildPhase;
			buildActionMask = 2147483647;
			files = (
				3FFF508E27D390090026C46A /* Recipe.swift in Sources */,
				3F2FC3EA27D4D41300E32FAA /* RecipeDetailView.swift in Sources */,
				3FFF509027D3916E0026C46A /* RecipeModel.swift in Sources */,
				3FFF507B27D38E170026C46A /* RecipeListView.swift in Sources */,
				3FFF507927D38E170026C46A /* RecipeApp.swift in Sources */,
				3FFF509227D392B10026C46A /* DataService.swift in Sources */,
				3FF4F8E727D6508C0013A257 /* RecipeFeaturedView.swift in Sources */,
				3FF4F8CB27D62A020013A257 /* RecipeTabView.swift in Sources */,
			);
			runOnlyForDeploymentPostprocessing = 0;
		};
/* End PBXSourcesBuildPhase section */

/* Begin XCBuildConfiguration section */
		3FFF508127D38E180026C46A /* Debug */ = {
			isa = XCBuildConfiguration;
			buildSettings = {
				ALWAYS_SEARCH_USER_PATHS = NO;
				CLANG_ANALYZER_NONNULL = YES;
				CLANG_ANALYZER_NUMBER_OBJECT_CONVERSION = YES_AGGRESSIVE;
				CLANG_CXX_LANGUAGE_STANDARD = "gnu++17";
				CLANG_CXX_LIBRARY = "libc++";
				CLANG_ENABLE_MODULES = YES;
				CLANG_ENABLE_OBJC_ARC = YES;
				CLANG_ENABLE_OBJC_WEAK = YES;
				CLANG_WARN_BLOCK_CAPTURE_AUTORELEASING = YES;
				CLANG_WARN_BOOL_CONVERSION = YES;
				CLANG_WARN_COMMA = YES;
				CLANG_WARN_CONSTANT_CONVERSION = YES;
				CLANG_WARN_DEPRECATED_OBJC_IMPLEMENTATIONS = YES;
				CLANG_WARN_DIRECT_OBJC_ISA_USAGE = YES_ERROR;
				CLANG_WARN_DOCUMENTATION_COMMENTS = YES;
				CLANG_WARN_EMPTY_BODY = YES;
				CLANG_WARN_ENUM_CONVERSION = YES;
				CLANG_WARN_INFINITE_RECURSION = YES;
				CLANG_WARN_INT_CONVERSION = YES;
				CLANG_WARN_NON_LITERAL_NULL_CONVERSION = YES;
				CLANG_WARN_OBJC_IMPLICIT_RETAIN_SELF = YES;
				CLANG_WARN_OBJC_LITERAL_CONVERSION = YES;
				CLANG_WARN_OBJC_ROOT_CLASS = YES_ERROR;
				CLANG_WARN_QUOTED_INCLUDE_IN_FRAMEWORK_HEADER = YES;
				CLANG_WARN_RANGE_LOOP_ANALYSIS = YES;
				CLANG_WARN_STRICT_PROTOTYPES = YES;
				CLANG_WARN_SUSPICIOUS_MOVE = YES;
				CLANG_WARN_UNGUARDED_AVAILABILITY = YES_AGGRESSIVE;
				CLANG_WARN_UNREACHABLE_CODE = YES;
				CLANG_WARN__DUPLICATE_METHOD_MATCH = YES;
				COPY_PHASE_STRIP = NO;
				DEBUG_INFORMATION_FORMAT = dwarf;
				ENABLE_STRICT_OBJC_MSGSEND = YES;
				ENABLE_TESTABILITY = YES;
				GCC_C_LANGUAGE_STANDARD = gnu11;
				GCC_DYNAMIC_NO_PIC = NO;
				GCC_NO_COMMON_BLOCKS = YES;
				GCC_OPTIMIZATION_LEVEL = 0;
				GCC_PREPROCESSOR_DEFINITIONS = (
					"DEBUG=1",
					"$(inherited)",
				);
				GCC_WARN_64_TO_32_BIT_CONVERSION = YES;
				GCC_WARN_ABOUT_RETURN_TYPE = YES_ERROR;
				GCC_WARN_UNDECLARED_SELECTOR = YES;
				GCC_WARN_UNINITIALIZED_AUTOS = YES_AGGRESSIVE;
				GCC_WARN_UNUSED_FUNCTION = YES;
				GCC_WARN_UNUSED_VARIABLE = YES;
				IPHONEOS_DEPLOYMENT_TARGET = 15.2;
				MTL_ENABLE_DEBUG_INFO = INCLUDE_SOURCE;
				MTL_FAST_MATH = YES;
				ONLY_ACTIVE_ARCH = YES;
				SDKROOT = iphoneos;
				SWIFT_ACTIVE_COMPILATION_CONDITIONS = DEBUG;
				SWIFT_OPTIMIZATION_LEVEL = "-Onone";
			};
			name = Debug;
		};
		3FFF508227D38E180026C46A /* Release */ = {
			isa = XCBuildConfiguration;
			buildSettings = {
				ALWAYS_SEARCH_USER_PATHS = NO;
				CLANG_ANALYZER_NONNULL = YES;
				CLANG_ANALYZER_NUMBER_OBJECT_CONVERSION = YES_AGGRESSIVE;
				CLANG_CXX_LANGUAGE_STANDARD = "gnu++17";
				CLANG_CXX_LIBRARY = "libc++";
				CLANG_ENABLE_MODULES = YES;
				CLANG_ENABLE_OBJC_ARC = YES;
				CLANG_ENABLE_OBJC_WEAK = YES;
				CLANG_WARN_BLOCK_CAPTURE_AUTORELEASING = YES;
				CLANG_WARN_BOOL_CONVERSION = YES;
				CLANG_WARN_COMMA = YES;
				CLANG_WARN_CONSTANT_CONVERSION = YES;
				CLANG_WARN_DEPRECATED_OBJC_IMPLEMENTATIONS = YES;
				CLANG_WARN_DIRECT_OBJC_ISA_USAGE = YES_ERROR;
				CLANG_WARN_DOCUMENTATION_COMMENTS = YES;
				CLANG_WARN_EMPTY_BODY = YES;
				CLANG_WARN_ENUM_CONVERSION = YES;
				CLANG_WARN_INFINITE_RECURSION = YES;
				CLANG_WARN_INT_CONVERSION = YES;
				CLANG_WARN_NON_LITERAL_NULL_CONVERSION = YES;
				CLANG_WARN_OBJC_IMPLICIT_RETAIN_SELF = YES;
				CLANG_WARN_OBJC_LITERAL_CONVERSION = YES;
				CLANG_WARN_OBJC_ROOT_CLASS = YES_ERROR;
				CLANG_WARN_QUOTED_INCLUDE_IN_FRAMEWORK_HEADER = YES;
				CLANG_WARN_RANGE_LOOP_ANALYSIS = YES;
				CLANG_WARN_STRICT_PROTOTYPES = YES;
				CLANG_WARN_SUSPICIOUS_MOVE = YES;
				CLANG_WARN_UNGUARDED_AVAILABILITY = YES_AGGRESSIVE;
				CLANG_WARN_UNREACHABLE_CODE = YES;
				CLANG_WARN__DUPLICATE_METHOD_MATCH = YES;
				COPY_PHASE_STRIP = NO;
				DEBUG_INFORMATION_FORMAT = "dwarf-with-dsym";
				ENABLE_NS_ASSERTIONS = NO;
				ENABLE_STRICT_OBJC_MSGSEND = YES;
				GCC_C_LANGUAGE_STANDARD = gnu11;
				GCC_NO_COMMON_BLOCKS = YES;
				GCC_WARN_64_TO_32_BIT_CONVERSION = YES;
				GCC_WARN_ABOUT_RETURN_TYPE = YES_ERROR;
				GCC_WARN_UNDECLARED_SELECTOR = YES;
				GCC_WARN_UNINITIALIZED_AUTOS = YES_AGGRESSIVE;
				GCC_WARN_UNUSED_FUNCTION = YES;
				GCC_WARN_UNUSED_VARIABLE = YES;
				IPHONEOS_DEPLOYMENT_TARGET = 15.2;
				MTL_ENABLE_DEBUG_INFO = NO;
				MTL_FAST_MATH = YES;
				SDKROOT = iphoneos;
				SWIFT_COMPILATION_MODE = wholemodule;
				SWIFT_OPTIMIZATION_LEVEL = "-O";
				VALIDATE_PRODUCT = YES;
			};
			name = Release;
		};
		3FFF508427D38E180026C46A /* Debug */ = {
			isa = XCBuildConfiguration;
			buildSettings = {
				ASSETCATALOG_COMPILER_APPICON_NAME = AppIcon;
				ASSETCATALOG_COMPILER_GLOBAL_ACCENT_COLOR_NAME = AccentColor;
				CODE_SIGN_STYLE = Automatic;
				CURRENT_PROJECT_VERSION = 1;
				DEVELOPMENT_ASSET_PATHS = "\"RecipeApp/Preview Content\"";
				ENABLE_PREVIEWS = YES;
				GENERATE_INFOPLIST_FILE = YES;
				INFOPLIST_KEY_UIApplicationSceneManifest_Generation = YES;
				INFOPLIST_KEY_UIApplicationSupportsIndirectInputEvents = YES;
				INFOPLIST_KEY_UILaunchScreen_Generation = YES;
				INFOPLIST_KEY_UISupportedInterfaceOrientations_iPad = "UIInterfaceOrientationPortrait UIInterfaceOrientationPortraitUpsideDown UIInterfaceOrientationLandscapeLeft UIInterfaceOrientationLandscapeRight";
				INFOPLIST_KEY_UISupportedInterfaceOrientations_iPhone = "UIInterfaceOrientationPortrait UIInterfaceOrientationLandscapeLeft UIInterfaceOrientationLandscapeRight";
				LD_RUNPATH_SEARCH_PATHS = (
					"$(inherited)",
					"@executable_path/Frameworks",
				);
				MARKETING_VERSION = 1.0;
				PRODUCT_BUNDLE_IDENTIFIER = jakob.RecipeApp;
				PRODUCT_NAME = "$(TARGET_NAME)";
				SWIFT_EMIT_LOC_STRINGS = YES;
				SWIFT_VERSION = 5.0;
				TARGETED_DEVICE_FAMILY = "1,2";
			};
			name = Debug;
		};
		3FFF508527D38E180026C46A /* Release */ = {
			isa = XCBuildConfiguration;
			buildSettings = {
				ASSETCATALOG_COMPILER_APPICON_NAME = AppIcon;
				ASSETCATALOG_COMPILER_GLOBAL_ACCENT_COLOR_NAME = AccentColor;
				CODE_SIGN_STYLE = Automatic;
				CURRENT_PROJECT_VERSION = 1;
				DEVELOPMENT_ASSET_PATHS = "\"RecipeApp/Preview Content\"";
				ENABLE_PREVIEWS = YES;
				GENERATE_INFOPLIST_FILE = YES;
				INFOPLIST_KEY_UIApplicationSceneManifest_Generation = YES;
				INFOPLIST_KEY_UIApplicationSupportsIndirectInputEvents = YES;
				INFOPLIST_KEY_UILaunchScreen_Generation = YES;
				INFOPLIST_KEY_UISupportedInterfaceOrientations_iPad = "UIInterfaceOrientationPortrait UIInterfaceOrientationPortraitUpsideDown UIInterfaceOrientationLandscapeLeft UIInterfaceOrientationLandscapeRight";
				INFOPLIST_KEY_UISupportedInterfaceOrientations_iPhone = "UIInterfaceOrientationPortrait UIInterfaceOrientationLandscapeLeft UIInterfaceOrientationLandscapeRight";
				LD_RUNPATH_SEARCH_PATHS = (
					"$(inherited)",
					"@executable_path/Frameworks",
				);
				MARKETING_VERSION = 1.0;
				PRODUCT_BUNDLE_IDENTIFIER = jakob.RecipeApp;
				PRODUCT_NAME = "$(TARGET_NAME)";
				SWIFT_EMIT_LOC_STRINGS = YES;
				SWIFT_VERSION = 5.0;
				TARGETED_DEVICE_FAMILY = "1,2";
			};
			name = Release;
		};
/* End XCBuildConfiguration section */

/* Begin XCConfigurationList section */
		3FFF507027D38E170026C46A /* Build configuration list for PBXProject "RecipeApp" */ = {
			isa = XCConfigurationList;
			buildConfigurations = (
				3FFF508127D38E180026C46A /* Debug */,
				3FFF508227D38E180026C46A /* Release */,
			);
			defaultConfigurationIsVisible = 0;
			defaultConfigurationName = Release;
		};
		3FFF508327D38E180026C46A /* Build configuration list for PBXNativeTarget "RecipeApp" */ = {
			isa = XCConfigurationList;
			buildConfigurations = (
				3FFF508427D38E180026C46A /* Debug */,
				3FFF508527D38E180026C46A /* Release */,
			);
			defaultConfigurationIsVisible = 0;
			defaultConfigurationName = Release;
		};
/* End XCConfigurationList section */
	};
	rootObject = 3FFF506D27D38E170026C46A /* Project object */;
}
